// !$*UTF8*$!
{
	archiveVersion = 1;
	classes = {
	};
	objectVersion = 48;
	objects = {

/* Begin PBXBuildFile section */
		83FE42F71F4A090100FDDD8D /* AppDelegate.swift in Sources */ = {isa = PBXBuildFile; fileRef = 83FE42F61F4A090100FDDD8D /* AppDelegate.swift */; };
		83FE42F91F4A090100FDDD8D /* ViewController.swift in Sources */ = {isa = PBXBuildFile; fileRef = 83FE42F81F4A090100FDDD8D /* ViewController.swift */; };
		83FE42FC1F4A090100FDDD8D /* Main.storyboard in Resources */ = {isa = PBXBuildFile; fileRef = 83FE42FA1F4A090100FDDD8D /* Main.storyboard */; };
		83FE42FF1F4A090100FDDD8D /* test_app.xcdatamodeld in Sources */ = {isa = PBXBuildFile; fileRef = 83FE42FD1F4A090100FDDD8D /* test_app.xcdatamodeld */; };
		83FE43011F4A090100FDDD8D /* Assets.xcassets in Resources */ = {isa = PBXBuildFile; fileRef = 83FE43001F4A090100FDDD8D /* Assets.xcassets */; };
		83FE43041F4A090100FDDD8D /* LaunchScreen.storyboard in Resources */ = {isa = PBXBuildFile; fileRef = 83FE43021F4A090100FDDD8D /* LaunchScreen.storyboard */; };
		83FE430F1F4A090100FDDD8D /* test_appTests.swift in Sources */ = {isa = PBXBuildFile; fileRef = 83FE430E1F4A090100FDDD8D /* test_appTests.swift */; };
		83FE431A1F4A090100FDDD8D /* test_appUITests.swift in Sources */ = {isa = PBXBuildFile; fileRef = 83FE43191F4A090100FDDD8D /* test_appUITests.swift */; };
/* End PBXBuildFile section */

/* Begin PBXContainerItemProxy section */
		83FE430B1F4A090100FDDD8D /* PBXContainerItemProxy */ = {
			isa = PBXContainerItemProxy;
			containerPortal = 83FE42EB1F4A090100FDDD8D /* Project object */;
			proxyType = 1;
			remoteGlobalIDString = 83FE42F21F4A090100FDDD8D;
			remoteInfo = "test-app";
		};
		83FE43161F4A090100FDDD8D /* PBXContainerItemProxy */ = {
			isa = PBXContainerItemProxy;
			containerPortal = 83FE42EB1F4A090100FDDD8D /* Project object */;
			proxyType = 1;
			remoteGlobalIDString = 83FE42F21F4A090100FDDD8D;
			remoteInfo = "test-app";
		};
/* End PBXContainerItemProxy section */

/* Begin PBXFileReference section */
		83FE42F31F4A090100FDDD8D /* test-app.app */ = {isa = PBXFileReference; explicitFileType = wrapper.application; includeInIndex = 0; path = "test-app.app"; sourceTree = BUILT_PRODUCTS_DIR; };
		83FE42F61F4A090100FDDD8D /* AppDelegate.swift */ = {isa = PBXFileReference; lastKnownFileType = sourcecode.swift; path = AppDelegate.swift; sourceTree = "<group>"; };
		83FE42F81F4A090100FDDD8D /* ViewController.swift */ = {isa = PBXFileReference; lastKnownFileType = sourcecode.swift; path = ViewController.swift; sourceTree = "<group>"; };
		83FE42FB1F4A090100FDDD8D /* Base */ = {isa = PBXFileReference; lastKnownFileType = file.storyboard; name = Base; path = Base.lproj/Main.storyboard; sourceTree = "<group>"; };
		83FE42FE1F4A090100FDDD8D /* test_app.xcdatamodel */ = {isa = PBXFileReference; lastKnownFileType = wrapper.xcdatamodel; path = test_app.xcdatamodel; sourceTree = "<group>"; };
		83FE43001F4A090100FDDD8D /* Assets.xcassets */ = {isa = PBXFileReference; lastKnownFileType = folder.assetcatalog; path = Assets.xcassets; sourceTree = "<group>"; };
		83FE43031F4A090100FDDD8D /* Base */ = {isa = PBXFileReference; lastKnownFileType = file.storyboard; name = Base; path = Base.lproj/LaunchScreen.storyboard; sourceTree = "<group>"; };
		83FE43051F4A090100FDDD8D /* Info.plist */ = {isa = PBXFileReference; lastKnownFileType = text.plist.xml; path = Info.plist; sourceTree = "<group>"; };
		83FE430A1F4A090100FDDD8D /* test-appTests.xctest */ = {isa = PBXFileReference; explicitFileType = wrapper.cfbundle; includeInIndex = 0; path = "test-appTests.xctest"; sourceTree = BUILT_PRODUCTS_DIR; };
		83FE430E1F4A090100FDDD8D /* test_appTests.swift */ = {isa = PBXFileReference; lastKnownFileType = sourcecode.swift; path = test_appTests.swift; sourceTree = "<group>"; };
		83FE43101F4A090100FDDD8D /* Info.plist */ = {isa = PBXFileReference; lastKnownFileType = text.plist.xml; path = Info.plist; sourceTree = "<group>"; };
		83FE43151F4A090100FDDD8D /* test-appUITests.xctest */ = {isa = PBXFileReference; explicitFileType = wrapper.cfbundle; includeInIndex = 0; path = "test-appUITests.xctest"; sourceTree = BUILT_PRODUCTS_DIR; };
		83FE43191F4A090100FDDD8D /* test_appUITests.swift */ = {isa = PBXFileReference; lastKnownFileType = sourcecode.swift; path = test_appUITests.swift; sourceTree = "<group>"; };
		83FE431B1F4A090200FDDD8D /* Info.plist */ = {isa = PBXFileReference; lastKnownFileType = text.plist.xml; path = Info.plist; sourceTree = "<group>"; };
/* End PBXFileReference section */

/* Begin PBXFrameworksBuildPhase section */
		83FE42F01F4A090100FDDD8D /* Frameworks */ = {
			isa = PBXFrameworksBuildPhase;
			buildActionMask = 2147483647;
			files = (
			);
			runOnlyForDeploymentPostprocessing = 0;
		};
		83FE43071F4A090100FDDD8D /* Frameworks */ = {
			isa = PBXFrameworksBuildPhase;
			buildActionMask = 2147483647;
			files = (
			);
			runOnlyForDeploymentPostprocessing = 0;
		};
		83FE43121F4A090100FDDD8D /* Frameworks */ = {
			isa = PBXFrameworksBuildPhase;
			buildActionMask = 2147483647;
			files = (
			);
			runOnlyForDeploymentPostprocessing = 0;
		};
/* End PBXFrameworksBuildPhase section */

/* Begin PBXGroup section */
		83FE42EA1F4A090100FDDD8D = {
			isa = PBXGroup;
			children = (
				83FE42F51F4A090100FDDD8D /* test-app */,
				83FE430D1F4A090100FDDD8D /* test-appTests */,
				83FE43181F4A090100FDDD8D /* test-appUITests */,
				83FE42F41F4A090100FDDD8D /* Products */,
			);
			sourceTree = "<group>";
		};
		83FE42F41F4A090100FDDD8D /* Products */ = {
			isa = PBXGroup;
			children = (
				83FE42F31F4A090100FDDD8D /* test-app.app */,
				83FE430A1F4A090100FDDD8D /* test-appTests.xctest */,
				83FE43151F4A090100FDDD8D /* test-appUITests.xctest */,
			);
			name = Products;
			sourceTree = "<group>";
		};
		83FE42F51F4A090100FDDD8D /* test-app */ = {
			isa = PBXGroup;
			children = (
				83FE42F61F4A090100FDDD8D /* AppDelegate.swift */,
				83FE42F81F4A090100FDDD8D /* ViewController.swift */,
				83FE42FA1F4A090100FDDD8D /* Main.storyboard */,
				83FE43001F4A090100FDDD8D /* Assets.xcassets */,
				83FE43021F4A090100FDDD8D /* LaunchScreen.storyboard */,
				83FE43051F4A090100FDDD8D /* Info.plist */,
				83FE42FD1F4A090100FDDD8D /* test_app.xcdatamodeld */,
			);
			path = "test-app";
			sourceTree = "<group>";
		};
		83FE430D1F4A090100FDDD8D /* test-appTests */ = {
			isa = PBXGroup;
			children = (
				83FE430E1F4A090100FDDD8D /* test_appTests.swift */,
				83FE43101F4A090100FDDD8D /* Info.plist */,
			);
			path = "test-appTests";
			sourceTree = "<group>";
		};
		83FE43181F4A090100FDDD8D /* test-appUITests */ = {
			isa = PBXGroup;
			children = (
				83FE43191F4A090100FDDD8D /* test_appUITests.swift */,
				83FE431B1F4A090200FDDD8D /* Info.plist */,
			);
			path = "test-appUITests";
			sourceTree = "<group>";
		};
/* End PBXGroup section */

/* Begin PBXNativeTarget section */
		83FE42F21F4A090100FDDD8D /* test-app */ = {
			isa = PBXNativeTarget;
			buildConfigurationList = 83FE431E1F4A090200FDDD8D /* Build configuration list for PBXNativeTarget "test-app" */;
			buildPhases = (
				83FE42EF1F4A090100FDDD8D /* Sources */,
				83FE42F01F4A090100FDDD8D /* Frameworks */,
				83FE42F11F4A090100FDDD8D /* Resources */,
			);
			buildRules = (
			);
			dependencies = (
			);
			name = "test-app";
			productName = "test-app";
			productReference = 83FE42F31F4A090100FDDD8D /* test-app.app */;
			productType = "com.apple.product-type.application";
		};
		83FE43091F4A090100FDDD8D /* test-appTests */ = {
			isa = PBXNativeTarget;
			buildConfigurationList = 83FE43211F4A090200FDDD8D /* Build configuration list for PBXNativeTarget "test-appTests" */;
			buildPhases = (
				83FE43061F4A090100FDDD8D /* Sources */,
				83FE43071F4A090100FDDD8D /* Frameworks */,
				83FE43081F4A090100FDDD8D /* Resources */,
			);
			buildRules = (
			);
			dependencies = (
				83FE430C1F4A090100FDDD8D /* PBXTargetDependency */,
			);
			name = "test-appTests";
			productName = "test-appTests";
			productReference = 83FE430A1F4A090100FDDD8D /* test-appTests.xctest */;
			productType = "com.apple.product-type.bundle.unit-test";
		};
		83FE43141F4A090100FDDD8D /* test-appUITests */ = {
			isa = PBXNativeTarget;
			buildConfigurationList = 83FE43241F4A090200FDDD8D /* Build configuration list for PBXNativeTarget "test-appUITests" */;
			buildPhases = (
				83FE43111F4A090100FDDD8D /* Sources */,
				83FE43121F4A090100FDDD8D /* Frameworks */,
				83FE43131F4A090100FDDD8D /* Resources */,
			);
			buildRules = (
			);
			dependencies = (
				83FE43171F4A090100FDDD8D /* PBXTargetDependency */,
			);
			name = "test-appUITests";
			productName = "test-appUITests";
			productReference = 83FE43151F4A090100FDDD8D /* test-appUITests.xctest */;
			productType = "com.apple.product-type.bundle.ui-testing";
		};
/* End PBXNativeTarget section */

/* Begin PBXProject section */
		83FE42EB1F4A090100FDDD8D /* Project object */ = {
			isa = PBXProject;
			attributes = {
				LastSwiftUpdateCheck = 0900;
				LastUpgradeCheck = 0900;
				ORGANIZATIONNAME = "Danila Chitalin";
				TargetAttributes = {
					83FE42F21F4A090100FDDD8D = {
						CreatedOnToolsVersion = 9.0;
					};
					83FE43091F4A090100FDDD8D = {
						CreatedOnToolsVersion = 9.0;
						TestTargetID = 83FE42F21F4A090100FDDD8D;
					};
					83FE43141F4A090100FDDD8D = {
						CreatedOnToolsVersion = 9.0;
						TestTargetID = 83FE42F21F4A090100FDDD8D;
					};
				};
			};
			buildConfigurationList = 83FE42EE1F4A090100FDDD8D /* Build configuration list for PBXProject "test-app" */;
			compatibilityVersion = "Xcode 8.0";
			developmentRegion = en;
			hasScannedForEncodings = 0;
			knownRegions = (
				en,
				Base,
			);
			mainGroup = 83FE42EA1F4A090100FDDD8D;
			productRefGroup = 83FE42F41F4A090100FDDD8D /* Products */;
			projectDirPath = "";
			projectRoot = "";
			targets = (
				83FE42F21F4A090100FDDD8D /* test-app */,
				83FE43091F4A090100FDDD8D /* test-appTests */,
				83FE43141F4A090100FDDD8D /* test-appUITests */,
			);
		};
/* End PBXProject section */

/* Begin PBXResourcesBuildPhase section */
		83FE42F11F4A090100FDDD8D /* Resources */ = {
			isa = PBXResourcesBuildPhase;
			buildActionMask = 2147483647;
			files = (
				83FE43041F4A090100FDDD8D /* LaunchScreen.storyboard in Resources */,
				83FE43011F4A090100FDDD8D /* Assets.xcassets in Resources */,
				83FE42FC1F4A090100FDDD8D /* Main.storyboard in Resources */,
			);
			runOnlyForDeploymentPostprocessing = 0;
		};
		83FE43081F4A090100FDDD8D /* Resources */ = {
			isa = PBXResourcesBuildPhase;
			buildActionMask = 2147483647;
			files = (
			);
			runOnlyForDeploymentPostprocessing = 0;
		};
		83FE43131F4A090100FDDD8D /* Resources */ = {
			isa = PBXResourcesBuildPhase;
			buildActionMask = 2147483647;
			files = (
			);
			runOnlyForDeploymentPostprocessing = 0;
		};
/* End PBXResourcesBuildPhase section */

/* Begin PBXSourcesBuildPhase section */
		83FE42EF1F4A090100FDDD8D /* Sources */ = {
			isa = PBXSourcesBuildPhase;
			buildActionMask = 2147483647;
			files = (
				83FE42F91F4A090100FDDD8D /* ViewController.swift in Sources */,
				83FE42FF1F4A090100FDDD8D /* test_app.xcdatamodeld in Sources */,
				83FE42F71F4A090100FDDD8D /* AppDelegate.swift in Sources */,
			);
			runOnlyForDeploymentPostprocessing = 0;
		};
		83FE43061F4A090100FDDD8D /* Sources */ = {
			isa = PBXSourcesBuildPhase;
			buildActionMask = 2147483647;
			files = (
				83FE430F1F4A090100FDDD8D /* test_appTests.swift in Sources */,
			);
			runOnlyForDeploymentPostprocessing = 0;
		};
		83FE43111F4A090100FDDD8D /* Sources */ = {
			isa = PBXSourcesBuildPhase;
			buildActionMask = 2147483647;
			files = (
				83FE431A1F4A090100FDDD8D /* test_appUITests.swift in Sources */,
			);
			runOnlyForDeploymentPostprocessing = 0;
		};
/* End PBXSourcesBuildPhase section */

/* Begin PBXTargetDependency section */
		83FE430C1F4A090100FDDD8D /* PBXTargetDependency */ = {
			isa = PBXTargetDependency;
			target = 83FE42F21F4A090100FDDD8D /* test-app */;
			targetProxy = 83FE430B1F4A090100FDDD8D /* PBXContainerItemProxy */;
		};
		83FE43171F4A090100FDDD8D /* PBXTargetDependency */ = {
			isa = PBXTargetDependency;
			target = 83FE42F21F4A090100FDDD8D /* test-app */;
			targetProxy = 83FE43161F4A090100FDDD8D /* PBXContainerItemProxy */;
		};
/* End PBXTargetDependency section */

/* Begin PBXVariantGroup section */
		83FE42FA1F4A090100FDDD8D /* Main.storyboard */ = {
			isa = PBXVariantGroup;
			children = (
				83FE42FB1F4A090100FDDD8D /* Base */,
			);
			name = Main.storyboard;
			sourceTree = "<group>";
		};
		83FE43021F4A090100FDDD8D /* LaunchScreen.storyboard */ = {
			isa = PBXVariantGroup;
			children = (
				83FE43031F4A090100FDDD8D /* Base */,
			);
			name = LaunchScreen.storyboard;
			sourceTree = "<group>";
		};
/* End PBXVariantGroup section */

/* Begin XCBuildConfiguration section */
		83FE431C1F4A090200FDDD8D /* Debug */ = {
			isa = XCBuildConfiguration;
			buildSettings = {
				ALWAYS_SEARCH_USER_PATHS = NO;
				CLANG_ANALYZER_NONNULL = YES;
				CLANG_ANALYZER_NUMBER_OBJECT_CONVERSION = YES_AGGRESSIVE;
				CLANG_CXX_LANGUAGE_STANDARD = "gnu++14";
				CLANG_CXX_LIBRARY = "libc++";
				CLANG_ENABLE_MODULES = YES;
				CLANG_ENABLE_OBJC_ARC = YES;
				CLANG_WARN_BLOCK_CAPTURE_AUTORELEASING = YES;
				CLANG_WARN_BOOL_CONVERSION = YES;
				CLANG_WARN_COMMA = YES;
				CLANG_WARN_CONSTANT_CONVERSION = YES;
				CLANG_WARN_DIRECT_OBJC_ISA_USAGE = YES_ERROR;
				CLANG_WARN_DOCUMENTATION_COMMENTS = YES;
				CLANG_WARN_EMPTY_BODY = YES;
				CLANG_WARN_ENUM_CONVERSION = YES;
				CLANG_WARN_INFINITE_RECURSION = YES;
				CLANG_WARN_INT_CONVERSION = YES;
				CLANG_WARN_NON_LITERAL_NULL_CONVERSION = YES;
				CLANG_WARN_OBJC_LITERAL_CONVERSION = YES;
				CLANG_WARN_OBJC_ROOT_CLASS = YES_ERROR;
				CLANG_WARN_RANGE_LOOP_ANALYSIS = YES;
				CLANG_WARN_STRICT_PROTOTYPES = YES;
				CLANG_WARN_SUSPICIOUS_MOVE = YES;
				CLANG_WARN_UNGUARDED_AVAILABILITY = YES_AGGRESSIVE;
				CLANG_WARN_UNREACHABLE_CODE = YES;
				CLANG_WARN__DUPLICATE_METHOD_MATCH = YES;
				CODE_SIGN_IDENTITY = "iPhone Developer";
				COPY_PHASE_STRIP = NO;
				DEBUG_INFORMATION_FORMAT = dwarf;
				ENABLE_STRICT_OBJC_MSGSEND = YES;
				ENABLE_TESTABILITY = YES;
				GCC_C_LANGUAGE_STANDARD = gnu11;
				GCC_DYNAMIC_NO_PIC = NO;
				GCC_NO_COMMON_BLOCKS = YES;
				GCC_OPTIMIZATION_LEVEL = 0;
				GCC_PREPROCESSOR_DEFINITIONS = (
					"DEBUG=1",
					"$(inherited)",
				);
				GCC_WARN_64_TO_32_BIT_CONVERSION = YES;
				GCC_WARN_ABOUT_RETURN_TYPE = YES_ERROR;
				GCC_WARN_UNDECLARED_SELECTOR = YES;
				GCC_WARN_UNINITIALIZED_AUTOS = YES_AGGRESSIVE;
				GCC_WARN_UNUSED_FUNCTION = YES;
				GCC_WARN_UNUSED_VARIABLE = YES;
				IPHONEOS_DEPLOYMENT_TARGET = 11.0;
				MTL_ENABLE_DEBUG_INFO = YES;
				ONLY_ACTIVE_ARCH = YES;
				SDKROOT = iphoneos;
				SWIFT_ACTIVE_COMPILATION_CONDITIONS = DEBUG;
				SWIFT_OPTIMIZATION_LEVEL = "-Onone";
			};
			name = Debug;
		};
		83FE431D1F4A090200FDDD8D /* Release */ = {
			isa = XCBuildConfiguration;
			buildSettings = {
				ALWAYS_SEARCH_USER_PATHS = NO;
				CLANG_ANALYZER_NONNULL = YES;
				CLANG_ANALYZER_NUMBER_OBJECT_CONVERSION = YES_AGGRESSIVE;
				CLANG_CXX_LANGUAGE_STANDARD = "gnu++14";
				CLANG_CXX_LIBRARY = "libc++";
				CLANG_ENABLE_MODULES = YES;
				CLANG_ENABLE_OBJC_ARC = YES;
				CLANG_WARN_BLOCK_CAPTURE_AUTORELEASING = YES;
				CLANG_WARN_BOOL_CONVERSION = YES;
				CLANG_WARN_COMMA = YES;
				CLANG_WARN_CONSTANT_CONVERSION = YES;
				CLANG_WARN_DIRECT_OBJC_ISA_USAGE = YES_ERROR;
				CLANG_WARN_DOCUMENTATION_COMMENTS = YES;
				CLANG_WARN_EMPTY_BODY = YES;
				CLANG_WARN_ENUM_CONVERSION = YES;
				CLANG_WARN_INFINITE_RECURSION = YES;
				CLANG_WARN_INT_CONVERSION = YES;
				CLANG_WARN_NON_LITERAL_NULL_CONVERSION = YES;
				CLANG_WARN_OBJC_LITERAL_CONVERSION = YES;
				CLANG_WARN_OBJC_ROOT_CLASS = YES_ERROR;
				CLANG_WARN_RANGE_LOOP_ANALYSIS = YES;
				CLANG_WARN_STRICT_PROTOTYPES = YES;
				CLANG_WARN_SUSPICIOUS_MOVE = YES;
				CLANG_WARN_UNGUARDED_AVAILABILITY = YES_AGGRESSIVE;
				CLANG_WARN_UNREACHABLE_CODE = YES;
				CLANG_WARN__DUPLICATE_METHOD_MATCH = YES;
				CODE_SIGN_IDENTITY = "iPhone Developer";
				COPY_PHASE_STRIP = NO;
				DEBUG_INFORMATION_FORMAT = "dwarf-with-dsym";
				ENABLE_NS_ASSERTIONS = NO;
				ENABLE_STRICT_OBJC_MSGSEND = YES;
				GCC_C_LANGUAGE_STANDARD = gnu11;
				GCC_NO_COMMON_BLOCKS = YES;
				GCC_WARN_64_TO_32_BIT_CONVERSION = YES;
				GCC_WARN_ABOUT_RETURN_TYPE = YES_ERROR;
				GCC_WARN_UNDECLARED_SELECTOR = YES;
				GCC_WARN_UNINITIALIZED_AUTOS = YES_AGGRESSIVE;
				GCC_WARN_UNUSED_FUNCTION = YES;
				GCC_WARN_UNUSED_VARIABLE = YES;
				IPHONEOS_DEPLOYMENT_TARGET = 11.0;
				MTL_ENABLE_DEBUG_INFO = NO;
				SDKROOT = iphoneos;
				SWIFT_OPTIMIZATION_LEVEL = "-Owholemodule";
				VALIDATE_PRODUCT = YES;
			};
			name = Release;
		};
		83FE431F1F4A090200FDDD8D /* Debug */ = {
			isa = XCBuildConfiguration;
			buildSettings = {
				ASSETCATALOG_COMPILER_APPICON_NAME = AppIcon;
				DEVELOPMENT_TEAM = YMD732F4Y7;
				INFOPLIST_FILE = "test-app/Info.plist";
				LD_RUNPATH_SEARCH_PATHS = "$(inherited) @executable_path/Frameworks";
				PRODUCT_BUNDLE_IDENTIFIER = "org.example.danilac.test-app";
				PRODUCT_NAME = "$(TARGET_NAME)";
				SWIFT_VERSION = 4.0;
				TARGETED_DEVICE_FAMILY = "1,2";
			};
			name = Debug;
		};
		83FE43201F4A090200FDDD8D /* Release */ = {
			isa = XCBuildConfiguration;
			buildSettings = {
				ASSETCATALOG_COMPILER_APPICON_NAME = AppIcon;
				DEVELOPMENT_TEAM = YMD732F4Y7;
				INFOPLIST_FILE = "test-app/Info.plist";
				LD_RUNPATH_SEARCH_PATHS = "$(inherited) @executable_path/Frameworks";
				PRODUCT_BUNDLE_IDENTIFIER = "org.example.danilac.test-app";
				PRODUCT_NAME = "$(TARGET_NAME)";
				SWIFT_VERSION = 4.0;
				TARGETED_DEVICE_FAMILY = "1,2";
			};
			name = Release;
		};
		83FE43221F4A090200FDDD8D /* Debug */ = {
			isa = XCBuildConfiguration;
			buildSettings = {
				ALWAYS_EMBED_SWIFT_STANDARD_LIBRARIES = YES;
				BUNDLE_LOADER = "$(TEST_HOST)";
				DEVELOPMENT_TEAM = YMD732F4Y7;
				INFOPLIST_FILE = "test-appTests/Info.plist";
				LD_RUNPATH_SEARCH_PATHS = "$(inherited) @executable_path/Frameworks @loader_path/Frameworks";
				PRODUCT_BUNDLE_IDENTIFIER = "org.example.danilac.test-appTests";
				PRODUCT_NAME = "$(TARGET_NAME)";
				SWIFT_VERSION = 4.0;
				TARGETED_DEVICE_FAMILY = "1,2";
				TEST_HOST = "$(BUILT_PRODUCTS_DIR)/test-app.app/test-app";
			};
			name = Debug;
		};
		83FE43231F4A090200FDDD8D /* Release */ = {
			isa = XCBuildConfiguration;
			buildSettings = {
				ALWAYS_EMBED_SWIFT_STANDARD_LIBRARIES = YES;
				BUNDLE_LOADER = "$(TEST_HOST)";
				DEVELOPMENT_TEAM = YMD732F4Y7;
				INFOPLIST_FILE = "test-appTests/Info.plist";
				LD_RUNPATH_SEARCH_PATHS = "$(inherited) @executable_path/Frameworks @loader_path/Frameworks";
				PRODUCT_BUNDLE_IDENTIFIER = "org.example.danilac.test-appTests";
				PRODUCT_NAME = "$(TARGET_NAME)";
				SWIFT_VERSION = 4.0;
				TARGETED_DEVICE_FAMILY = "1,2";
				TEST_HOST = "$(BUILT_PRODUCTS_DIR)/test-app.app/test-app";
			};
			name = Release;
		};
		83FE43251F4A090200FDDD8D /* Debug */ = {
			isa = XCBuildConfiguration;
			buildSettings = {
				ALWAYS_EMBED_SWIFT_STANDARD_LIBRARIES = YES;
				DEVELOPMENT_TEAM = YMD732F4Y7;
				INFOPLIST_FILE = "test-appUITests/Info.plist";
				LD_RUNPATH_SEARCH_PATHS = "$(inherited) @executable_path/Frameworks @loader_path/Frameworks";
				PRODUCT_BUNDLE_IDENTIFIER = "org.example.danilac.test-appUITests";
				PRODUCT_NAME = "$(TARGET_NAME)";
				SWIFT_VERSION = 4.0;
				TARGETED_DEVICE_FAMILY = "1,2";
				TEST_TARGET_NAME = "test-app";
			};
			name = Debug;
		};
		83FE43261F4A090200FDDD8D /* Release */ = {
			isa = XCBuildConfiguration;
			buildSettings = {
				ALWAYS_EMBED_SWIFT_STANDARD_LIBRARIES = YES;
				DEVELOPMENT_TEAM = YMD732F4Y7;
				INFOPLIST_FILE = "test-appUITests/Info.plist";
				LD_RUNPATH_SEARCH_PATHS = "$(inherited) @executable_path/Frameworks @loader_path/Frameworks";
				PRODUCT_BUNDLE_IDENTIFIER = "org.example.danilac.test-appUITests";
				PRODUCT_NAME = "$(TARGET_NAME)";
				SWIFT_VERSION = 4.0;
				TARGETED_DEVICE_FAMILY = "1,2";
				TEST_TARGET_NAME = "test-app";
			};
			name = Release;
		};
/* End XCBuildConfiguration section */

/* Begin XCConfigurationList section */
		83FE42EE1F4A090100FDDD8D /* Build configuration list for PBXProject "test-app" */ = {
			isa = XCConfigurationList;
			buildConfigurations = (
				83FE431C1F4A090200FDDD8D /* Debug */,
				83FE431D1F4A090200FDDD8D /* Release */,
			);
			defaultConfigurationIsVisible = 0;
			defaultConfigurationName = Release;
		};
		83FE431E1F4A090200FDDD8D /* Build configuration list for PBXNativeTarget "test-app" */ = {
			isa = XCConfigurationList;
			buildConfigurations = (
				83FE431F1F4A090200FDDD8D /* Debug */,
				83FE43201F4A090200FDDD8D /* Release */,
			);
			defaultConfigurationIsVisible = 0;
			defaultConfigurationName = Release;
		};
		83FE43211F4A090200FDDD8D /* Build configuration list for PBXNativeTarget "test-appTests" */ = {
			isa = XCConfigurationList;
			buildConfigurations = (
				83FE43221F4A090200FDDD8D /* Debug */,
				83FE43231F4A090200FDDD8D /* Release */,
			);
			defaultConfigurationIsVisible = 0;
			defaultConfigurationName = Release;
		};
		83FE43241F4A090200FDDD8D /* Build configuration list for PBXNativeTarget "test-appUITests" */ = {
			isa = XCConfigurationList;
			buildConfigurations = (
				83FE43251F4A090200FDDD8D /* Debug */,
				83FE43261F4A090200FDDD8D /* Release */,
			);
			defaultConfigurationIsVisible = 0;
			defaultConfigurationName = Release;
		};
/* End XCConfigurationList section */

/* Begin XCVersionGroup section */
		83FE42FD1F4A090100FDDD8D /* test_app.xcdatamodeld */ = {
			isa = XCVersionGroup;
			children = (
				83FE42FE1F4A090100FDDD8D /* test_app.xcdatamodel */,
			);
			currentVersion = 83FE42FE1F4A090100FDDD8D /* test_app.xcdatamodel */;
			path = test_app.xcdatamodeld;
			sourceTree = "<group>";
			versionGroupType = wrapper.xcdatamodel;
		};
/* End XCVersionGroup section */
	};
	rootObject = 83FE42EB1F4A090100FDDD8D /* Project object */;
}
